
Microsoft Visual Studio Solution File, Format Version 12.00
Project("{FAE04EC0-301F-11D3-BF4B-00C04F79EFBC}") = "LAB3_4", "LAB3_4\LAB3_4.csproj", "{686F23C9-C6BB-415F-A2AA-516EBD25C5CF}"
EndProject
Global
	GlobalSection(SolutionConfigurationPlatforms) = preSolution
		Debug|Any CPU = Debug|Any CPU
		Release|Any CPU = Release|Any CPU
	EndGlobalSection
	GlobalSection(ProjectConfigurationPlatforms) = postSolution
		{686F23C9-C6BB-415F-A2AA-516EBD25C5CF}.Debug|Any CPU.ActiveCfg = Debug|Any CPU
		{686F23C9-C6BB-415F-A2AA-516EBD25C5CF}.Debug|Any CPU.Build.0 = Debug|Any CPU
		{686F23C9-C6BB-415F-A2AA-516EBD25C5CF}.Release|Any CPU.ActiveCfg = Release|Any CPU
		{686F23C9-C6BB-415F-A2AA-516EBD25C5CF}.Release|Any CPU.Build.0 = Release|Any CPU
	EndGlobalSection
EndGlobal
